// !$*UTF8*$!
{
	archiveVersion = 1;
	classes = {
	};
	objectVersion = 77;
	objects = {

/* Begin PBXBuildFile section */
		1704C3562E32218A00D94229 /* README.md in Sources */ = {isa = PBXBuildFile; fileRef = 1704C3552E32218500D94229 /* README.md */; };
		1704C35B2E32246300D94229 /* Auth in Frameworks */ = {isa = PBXBuildFile; productRef = 1704C35A2E32246300D94229 /* Auth */; };
		1704C35D2E32246300D94229 /* Functions in Frameworks */ = {isa = PBXBuildFile; productRef = 1704C35C2E32246300D94229 /* Functions */; };
		1704C35F2E32246300D94229 /* PostgREST in Frameworks */ = {isa = PBXBuildFile; productRef = 1704C35E2E32246300D94229 /* PostgREST */; };
		1704C3612E32246300D94229 /* Realtime in Frameworks */ = {isa = PBXBuildFile; productRef = 1704C3602E32246300D94229 /* Realtime */; };
		1704C3632E32246300D94229 /* Storage in Frameworks */ = {isa = PBXBuildFile; productRef = 1704C3622E32246300D94229 /* Storage */; };
		1704C3652E32246300D94229 /* Supabase in Frameworks */ = {isa = PBXBuildFile; productRef = 1704C3642E32246300D94229 /* Supabase */; };
/* End PBXBuildFile section */

/* Begin PBXContainerItemProxy section */
		1704C3282E321BDB00D94229 /* PBXContainerItemProxy */ = {
			isa = PBXContainerItemProxy;
			containerPortal = 1704C3102E321BDA00D94229 /* Project object */;
			proxyType = 1;
			remoteGlobalIDString = 1704C3172E321BDA00D94229;
			remoteInfo = team_manager;
		};
		1704C3322E321BDB00D94229 /* PBXContainerItemProxy */ = {
			isa = PBXContainerItemProxy;
			containerPortal = 1704C3102E321BDA00D94229 /* Project object */;
			proxyType = 1;
			remoteGlobalIDString = 1704C3172E321BDA00D94229;
			remoteInfo = team_manager;
		};
/* End PBXContainerItemProxy section */

/* Begin PBXFileReference section */
		1704C3182E321BDA00D94229 /* team_manager.app */ = {isa = PBXFileReference; explicitFileType = wrapper.application; includeInIndex = 0; path = team_manager.app; sourceTree = BUILT_PRODUCTS_DIR; };
		1704C3272E321BDB00D94229 /* team_managerTests.xctest */ = {isa = PBXFileReference; explicitFileType = wrapper.cfbundle; includeInIndex = 0; path = team_managerTests.xctest; sourceTree = BUILT_PRODUCTS_DIR; };
		1704C3312E321BDB00D94229 /* team_managerUITests.xctest */ = {isa = PBXFileReference; explicitFileType = wrapper.cfbundle; includeInIndex = 0; path = team_managerUITests.xctest; sourceTree = BUILT_PRODUCTS_DIR; };
		1704C3552E32218500D94229 /* README.md */ = {isa = PBXFileReference; lastKnownFileType = net.daringfireball.markdown; path = README.md; sourceTree = "<group>"; };
/* End PBXFileReference section */

/* Begin PBXFileSystemSynchronizedBuildFileExceptionSet section */
		1704C3C42E322E1200D94229 /* Exceptions for "team_manager" folder in "team_manager" target */ = {
			isa = PBXFileSystemSynchronizedBuildFileExceptionSet;
			membershipExceptions = (
				"team-manager-Info.plist",
			);
			target = 1704C3172E321BDA00D94229 /* team_manager */;
		};
/* End PBXFileSystemSynchronizedBuildFileExceptionSet section */

/* Begin PBXFileSystemSynchronizedRootGroup section */
		1704C31A2E321BDA00D94229 /* team_manager */ = {
			isa = PBXFileSystemSynchronizedRootGroup;
			exceptions = (
				1704C3C42E322E1200D94229 /* Exceptions for "team_manager" folder in "team_manager" target */,
			);
			path = team_manager;
			sourceTree = "<group>";
		};
		1704C32A2E321BDB00D94229 /* team_managerTests */ = {
			isa = PBXFileSystemSynchronizedRootGroup;
			path = team_managerTests;
			sourceTree = "<group>";
		};
		1704C3342E321BDB00D94229 /* team_managerUITests */ = {
			isa = PBXFileSystemSynchronizedRootGroup;
			path = team_managerUITests;
			sourceTree = "<group>";
		};
/* End PBXFileSystemSynchronizedRootGroup section */

/* Begin PBXFrameworksBuildPhase section */
		1704C3152E321BDA00D94229 /* Frameworks */ = {
			isa = PBXFrameworksBuildPhase;
			buildActionMask = 2147483647;
			files = (
				1704C35F2E32246300D94229 /* PostgREST in Frameworks */,
				1704C35D2E32246300D94229 /* Functions in Frameworks */,
				1704C3652E32246300D94229 /* Supabase in Frameworks */,
				1704C35B2E32246300D94229 /* Auth in Frameworks */,
				1704C3632E32246300D94229 /* Storage in Frameworks */,
				1704C3612E32246300D94229 /* Realtime in Frameworks */,
			);
			runOnlyForDeploymentPostprocessing = 0;
		};
		1704C3242E321BDB00D94229 /* Frameworks */ = {
			isa = PBXFrameworksBuildPhase;
			buildActionMask = 2147483647;
			files = (
			);
			runOnlyForDeploymentPostprocessing = 0;
		};
		1704C32E2E321BDB00D94229 /* Frameworks */ = {
			isa = PBXFrameworksBuildPhase;
			buildActionMask = 2147483647;
			files = (
			);
			runOnlyForDeploymentPostprocessing = 0;
		};
/* End PBXFrameworksBuildPhase section */

/* Begin PBXGroup section */
		1704C30F2E321BDA00D94229 = {
			isa = PBXGroup;
			children = (
				1704C3552E32218500D94229 /* README.md */,
				1704C31A2E321BDA00D94229 /* team_manager */,
				1704C32A2E321BDB00D94229 /* team_managerTests */,
				1704C3342E321BDB00D94229 /* team_managerUITests */,
				1704C3192E321BDA00D94229 /* Products */,
			);
			sourceTree = "<group>";
		};
		1704C3192E321BDA00D94229 /* Products */ = {
			isa = PBXGroup;
			children = (
				1704C3182E321BDA00D94229 /* team_manager.app */,
				1704C3272E321BDB00D94229 /* team_managerTests.xctest */,
				1704C3312E321BDB00D94229 /* team_managerUITests.xctest */,
			);
			name = Products;
			sourceTree = "<group>";
		};
/* End PBXGroup section */

/* Begin PBXNativeTarget section */
		1704C3172E321BDA00D94229 /* team_manager */ = {
			isa = PBXNativeTarget;
			buildConfigurationList = 1704C33B2E321BDB00D94229 /* Build configuration list for PBXNativeTarget "team_manager" */;
			buildPhases = (
				1704C3142E321BDA00D94229 /* Sources */,
				1704C3152E321BDA00D94229 /* Frameworks */,
				1704C3162E321BDA00D94229 /* Resources */,
			);
			buildRules = (
			);
			dependencies = (
			);
			fileSystemSynchronizedGroups = (
				1704C31A2E321BDA00D94229 /* team_manager */,
			);
			name = team_manager;
			packageProductDependencies = (
				1704C35A2E32246300D94229 /* Auth */,
				1704C35C2E32246300D94229 /* Functions */,
				1704C35E2E32246300D94229 /* PostgREST */,
				1704C3602E32246300D94229 /* Realtime */,
				1704C3622E32246300D94229 /* Storage */,
				1704C3642E32246300D94229 /* Supabase */,
			);
			productName = team_manager;
			productReference = 1704C3182E321BDA00D94229 /* team_manager.app */;
			productType = "com.apple.product-type.application";
		};
		1704C3262E321BDB00D94229 /* team_managerTests */ = {
			isa = PBXNativeTarget;
			buildConfigurationList = 1704C33E2E321BDB00D94229 /* Build configuration list for PBXNativeTarget "team_managerTests" */;
			buildPhases = (
				1704C3232E321BDB00D94229 /* Sources */,
				1704C3242E321BDB00D94229 /* Frameworks */,
				1704C3252E321BDB00D94229 /* Resources */,
			);
			buildRules = (
			);
			dependencies = (
				1704C3292E321BDB00D94229 /* PBXTargetDependency */,
			);
			fileSystemSynchronizedGroups = (
				1704C32A2E321BDB00D94229 /* team_managerTests */,
			);
			name = team_managerTests;
			packageProductDependencies = (
			);
			productName = team_managerTests;
			productReference = 1704C3272E321BDB00D94229 /* team_managerTests.xctest */;
			productType = "com.apple.product-type.bundle.unit-test";
		};
		1704C3302E321BDB00D94229 /* team_managerUITests */ = {
			isa = PBXNativeTarget;
			buildConfigurationList = 1704C3412E321BDB00D94229 /* Build configuration list for PBXNativeTarget "team_managerUITests" */;
			buildPhases = (
				1704C32D2E321BDB00D94229 /* Sources */,
				1704C32E2E321BDB00D94229 /* Frameworks */,
				1704C32F2E321BDB00D94229 /* Resources */,
			);
			buildRules = (
			);
			dependencies = (
				1704C3332E321BDB00D94229 /* PBXTargetDependency */,
			);
			fileSystemSynchronizedGroups = (
				1704C3342E321BDB00D94229 /* team_managerUITests */,
			);
			name = team_managerUITests;
			packageProductDependencies = (
			);
			productName = team_managerUITests;
			productReference = 1704C3312E321BDB00D94229 /* team_managerUITests.xctest */;
			productType = "com.apple.product-type.bundle.ui-testing";
		};
/* End PBXNativeTarget section */

/* Begin PBXProject section */
		1704C3102E321BDA00D94229 /* Project object */ = {
			isa = PBXProject;
			attributes = {
				BuildIndependentTargetsInParallel = 1;
				LastSwiftUpdateCheck = 1640;
				LastUpgradeCheck = 1640;
				TargetAttributes = {
					1704C3172E321BDA00D94229 = {
						CreatedOnToolsVersion = 16.4;
					};
					1704C3262E321BDB00D94229 = {
						CreatedOnToolsVersion = 16.4;
						TestTargetID = 1704C3172E321BDA00D94229;
					};
					1704C3302E321BDB00D94229 = {
						CreatedOnToolsVersion = 16.4;
						TestTargetID = 1704C3172E321BDA00D94229;
					};
				};
			};
			buildConfigurationList = 1704C3132E321BDA00D94229 /* Build configuration list for PBXProject "team_manager" */;
			developmentRegion = en;
			hasScannedForEncodings = 0;
			knownRegions = (
				en,
				Base,
				uk,
			);
			mainGroup = 1704C30F2E321BDA00D94229;
			minimizedProjectReferenceProxies = 1;
			packageReferences = (
				1704C3592E32246300D94229 /* XCRemoteSwiftPackageReference "supabase-swift" */,
			);
			preferredProjectObjectVersion = 77;
			productRefGroup = 1704C3192E321BDA00D94229 /* Products */;
			projectDirPath = "";
			projectRoot = "";
			targets = (
				1704C3172E321BDA00D94229 /* team_manager */,
				1704C3262E321BDB00D94229 /* team_managerTests */,
				1704C3302E321BDB00D94229 /* team_managerUITests */,
			);
		};
/* End PBXProject section */

/* Begin PBXResourcesBuildPhase section */
		1704C3162E321BDA00D94229 /* Resources */ = {
			isa = PBXResourcesBuildPhase;
			buildActionMask = 2147483647;
			files = (
			);
			runOnlyForDeploymentPostprocessing = 0;
		};
		1704C3252E321BDB00D94229 /* Resources */ = {
			isa = PBXResourcesBuildPhase;
			buildActionMask = 2147483647;
			files = (
			);
			runOnlyForDeploymentPostprocessing = 0;
		};
		1704C32F2E321BDB00D94229 /* Resources */ = {
			isa = PBXResourcesBuildPhase;
			buildActionMask = 2147483647;
			files = (
			);
			runOnlyForDeploymentPostprocessing = 0;
		};
/* End PBXResourcesBuildPhase section */

/* Begin PBXSourcesBuildPhase section */
		1704C3142E321BDA00D94229 /* Sources */ = {
			isa = PBXSourcesBuildPhase;
			buildActionMask = 2147483647;
			files = (
				1704C3562E32218A00D94229 /* README.md in Sources */,
			);
			runOnlyForDeploymentPostprocessing = 0;
		};
		1704C3232E321BDB00D94229 /* Sources */ = {
			isa = PBXSourcesBuildPhase;
			buildActionMask = 2147483647;
			files = (
			);
			runOnlyForDeploymentPostprocessing = 0;
		};
		1704C32D2E321BDB00D94229 /* Sources */ = {
			isa = PBXSourcesBuildPhase;
			buildActionMask = 2147483647;
			files = (
			);
			runOnlyForDeploymentPostprocessing = 0;
		};
/* End PBXSourcesBuildPhase section */

/* Begin PBXTargetDependency section */
		1704C3292E321BDB00D94229 /* PBXTargetDependency */ = {
			isa = PBXTargetDependency;
			target = 1704C3172E321BDA00D94229 /* team_manager */;
			targetProxy = 1704C3282E321BDB00D94229 /* PBXContainerItemProxy */;
		};
		1704C3332E321BDB00D94229 /* PBXTargetDependency */ = {
			isa = PBXTargetDependency;
			target = 1704C3172E321BDA00D94229 /* team_manager */;
			targetProxy = 1704C3322E321BDB00D94229 /* PBXContainerItemProxy */;
		};
/* End PBXTargetDependency section */

/* Begin XCBuildConfiguration section */
		1704C3392E321BDB00D94229 /* Debug */ = {
			isa = XCBuildConfiguration;
			baseConfigurationReferenceAnchor = 1704C31A2E321BDA00D94229 /* team_manager */;
			baseConfigurationReferenceRelativePath = Configs/Debug.xcconfig;
			buildSettings = {
				ALWAYS_SEARCH_USER_PATHS = NO;
				ASSETCATALOG_COMPILER_GENERATE_SWIFT_ASSET_SYMBOL_EXTENSIONS = YES;
				CLANG_ANALYZER_NONNULL = YES;
				CLANG_ANALYZER_NUMBER_OBJECT_CONVERSION = YES_AGGRESSIVE;
				CLANG_CXX_LANGUAGE_STANDARD = "gnu++20";
				CLANG_ENABLE_MODULES = YES;
				CLANG_ENABLE_OBJC_ARC = YES;
				CLANG_ENABLE_OBJC_WEAK = YES;
				CLANG_WARN_BLOCK_CAPTURE_AUTORELEASING = YES;
				CLANG_WARN_BOOL_CONVERSION = YES;
				CLANG_WARN_COMMA = YES;
				CLANG_WARN_CONSTANT_CONVERSION = YES;
				CLANG_WARN_DEPRECATED_OBJC_IMPLEMENTATIONS = YES;
				CLANG_WARN_DIRECT_OBJC_ISA_USAGE = YES_ERROR;
				CLANG_WARN_DOCUMENTATION_COMMENTS = YES;
				CLANG_WARN_EMPTY_BODY = YES;
				CLANG_WARN_ENUM_CONVERSION = YES;
				CLANG_WARN_INFINITE_RECURSION = YES;
				CLANG_WARN_INT_CONVERSION = YES;
				CLANG_WARN_NON_LITERAL_NULL_CONVERSION = YES;
				CLANG_WARN_OBJC_IMPLICIT_RETAIN_SELF = YES;
				CLANG_WARN_OBJC_LITERAL_CONVERSION = YES;
				CLANG_WARN_OBJC_ROOT_CLASS = YES_ERROR;
				CLANG_WARN_QUOTED_INCLUDE_IN_FRAMEWORK_HEADER = YES;
				CLANG_WARN_RANGE_LOOP_ANALYSIS = YES;
				CLANG_WARN_STRICT_PROTOTYPES = YES;
				CLANG_WARN_SUSPICIOUS_MOVE = YES;
				CLANG_WARN_UNGUARDED_AVAILABILITY = YES_AGGRESSIVE;
				CLANG_WARN_UNREACHABLE_CODE = YES;
				CLANG_WARN__DUPLICATE_METHOD_MATCH = YES;
				COPY_PHASE_STRIP = NO;
				DEBUG_INFORMATION_FORMAT = dwarf;
				ENABLE_STRICT_OBJC_MSGSEND = YES;
				ENABLE_TESTABILITY = YES;
				ENABLE_USER_SCRIPT_SANDBOXING = YES;
				GCC_C_LANGUAGE_STANDARD = gnu17;
				GCC_DYNAMIC_NO_PIC = NO;
				GCC_NO_COMMON_BLOCKS = YES;
				GCC_OPTIMIZATION_LEVEL = 0;
				GCC_PREPROCESSOR_DEFINITIONS = (
					"DEBUG=1",
					"$(inherited)",
				);
				GCC_WARN_64_TO_32_BIT_CONVERSION = YES;
				GCC_WARN_ABOUT_RETURN_TYPE = YES_ERROR;
				GCC_WARN_UNDECLARED_SELECTOR = YES;
				GCC_WARN_UNINITIALIZED_AUTOS = YES_AGGRESSIVE;
				GCC_WARN_UNUSED_FUNCTION = YES;
				GCC_WARN_UNUSED_VARIABLE = YES;
				INFOPLIST_FILE = "";
				IPHONEOS_DEPLOYMENT_TARGET = 18.5;
				LOCALIZATION_PREFERS_STRING_CATALOGS = YES;
				MTL_ENABLE_DEBUG_INFO = INCLUDE_SOURCE;
				MTL_FAST_MATH = YES;
				ONLY_ACTIVE_ARCH = YES;
				SDKROOT = iphoneos;
				SWIFT_ACTIVE_COMPILATION_CONDITIONS = "DEBUG $(inherited)";
				SWIFT_OPTIMIZATION_LEVEL = "-Onone";
			};
			name = Debug;
		};
		1704C33A2E321BDB00D94229 /* Release */ = {
			isa = XCBuildConfiguration;
			baseConfigurationReferenceAnchor = 1704C31A2E321BDA00D94229 /* team_manager */;
			baseConfigurationReferenceRelativePath = Configs/Release.xcconfig;
			buildSettings = {
				ALWAYS_SEARCH_USER_PATHS = NO;
				ASSETCATALOG_COMPILER_GENERATE_SWIFT_ASSET_SYMBOL_EXTENSIONS = YES;
				CLANG_ANALYZER_NONNULL = YES;
				CLANG_ANALYZER_NUMBER_OBJECT_CONVERSION = YES_AGGRESSIVE;
				CLANG_CXX_LANGUAGE_STANDARD = "gnu++20";
				CLANG_ENABLE_MODULES = YES;
				CLANG_ENABLE_OBJC_ARC = YES;
				CLANG_ENABLE_OBJC_WEAK = YES;
				CLANG_WARN_BLOCK_CAPTURE_AUTORELEASING = YES;
				CLANG_WARN_BOOL_CONVERSION = YES;
				CLANG_WARN_COMMA = YES;
				CLANG_WARN_CONSTANT_CONVERSION = YES;
				CLANG_WARN_DEPRECATED_OBJC_IMPLEMENTATIONS = YES;
				CLANG_WARN_DIRECT_OBJC_ISA_USAGE = YES_ERROR;
				CLANG_WARN_DOCUMENTATION_COMMENTS = YES;
				CLANG_WARN_EMPTY_BODY = YES;
				CLANG_WARN_ENUM_CONVERSION = YES;
				CLANG_WARN_INFINITE_RECURSION = YES;
				CLANG_WARN_INT_CONVERSION = YES;
				CLANG_WARN_NON_LITERAL_NULL_CONVERSION = YES;
				CLANG_WARN_OBJC_IMPLICIT_RETAIN_SELF = YES;
				CLANG_WARN_OBJC_LITERAL_CONVERSION = YES;
				CLANG_WARN_OBJC_ROOT_CLASS = YES_ERROR;
				CLANG_WARN_QUOTED_INCLUDE_IN_FRAMEWORK_HEADER = YES;
				CLANG_WARN_RANGE_LOOP_ANALYSIS = YES;
				CLANG_WARN_STRICT_PROTOTYPES = YES;
				CLANG_WARN_SUSPICIOUS_MOVE = YES;
				CLANG_WARN_UNGUARDED_AVAILABILITY = YES_AGGRESSIVE;
				CLANG_WARN_UNREACHABLE_CODE = YES;
				CLANG_WARN__DUPLICATE_METHOD_MATCH = YES;
				COPY_PHASE_STRIP = NO;
				DEBUG_INFORMATION_FORMAT = "dwarf-with-dsym";
				ENABLE_NS_ASSERTIONS = NO;
				ENABLE_STRICT_OBJC_MSGSEND = YES;
				ENABLE_USER_SCRIPT_SANDBOXING = YES;
				GCC_C_LANGUAGE_STANDARD = gnu17;
				GCC_NO_COMMON_BLOCKS = YES;
				GCC_WARN_64_TO_32_BIT_CONVERSION = YES;
				GCC_WARN_ABOUT_RETURN_TYPE = YES_ERROR;
				GCC_WARN_UNDECLARED_SELECTOR = YES;
				GCC_WARN_UNINITIALIZED_AUTOS = YES_AGGRESSIVE;
				GCC_WARN_UNUSED_FUNCTION = YES;
				GCC_WARN_UNUSED_VARIABLE = YES;
				INFOPLIST_FILE = "";
				IPHONEOS_DEPLOYMENT_TARGET = 18.5;
				LOCALIZATION_PREFERS_STRING_CATALOGS = YES;
				MTL_ENABLE_DEBUG_INFO = NO;
				MTL_FAST_MATH = YES;
				SDKROOT = iphoneos;
				SWIFT_COMPILATION_MODE = wholemodule;
				VALIDATE_PRODUCT = YES;
			};
			name = Release;
		};
		1704C33C2E321BDB00D94229 /* Debug */ = {
			isa = XCBuildConfiguration;
			buildSettings = {
				ASSETCATALOG_COMPILER_APPICON_NAME = AppIcon;
				ASSETCATALOG_COMPILER_GLOBAL_ACCENT_COLOR_NAME = AccentColor;
				CODE_SIGN_STYLE = Automatic;
				CURRENT_PROJECT_VERSION = 1;
				DEVELOPMENT_TEAM = QDEL726XQ9;
				ENABLE_PREVIEWS = YES;
				GENERATE_INFOPLIST_FILE = YES;
				INFOPLIST_FILE = "team-manager-Info.plist";
				INFOPLIST_KEY_LSApplicationCategoryType = "";
				INFOPLIST_KEY_UIApplicationSceneManifest_Generation = YES;
				INFOPLIST_KEY_UIApplicationSupportsIndirectInputEvents = YES;
				INFOPLIST_KEY_UILaunchScreen_Generation = YES;
				INFOPLIST_KEY_UISupportedInterfaceOrientations_iPad = "UIInterfaceOrientationPortrait UIInterfaceOrientationPortraitUpsideDown UIInterfaceOrientationLandscapeLeft UIInterfaceOrientationLandscapeRight";
				INFOPLIST_KEY_UISupportedInterfaceOrientations_iPhone = "UIInterfaceOrientationPortrait UIInterfaceOrientationLandscapeLeft UIInterfaceOrientationLandscapeRight";
				LD_RUNPATH_SEARCH_PATHS = (
					"$(inherited)",
					"@executable_path/Frameworks",
				);
				MARKETING_VERSION = 1.0;
				PRODUCT_BUNDLE_IDENTIFIER = "com.vitofromearth.team-manager";
				PRODUCT_NAME = "$(TARGET_NAME)";
				SWIFT_EMIT_LOC_STRINGS = YES;
				SWIFT_VERSION = 5.0;
				TARGETED_DEVICE_FAMILY = "1,2";
			};
			name = Debug;
		};
		1704C33D2E321BDB00D94229 /* Release */ = {
			isa = XCBuildConfiguration;
			buildSettings = {
				ASSETCATALOG_COMPILER_APPICON_NAME = AppIcon;
				ASSETCATALOG_COMPILER_GLOBAL_ACCENT_COLOR_NAME = AccentColor;
				CODE_SIGN_STYLE = Automatic;
				CURRENT_PROJECT_VERSION = 1;
				DEVELOPMENT_TEAM = QDEL726XQ9;
				ENABLE_PREVIEWS = YES;
				GENERATE_INFOPLIST_FILE = YES;
				INFOPLIST_FILE = "team-manager-Info.plist";
				INFOPLIST_KEY_LSApplicationCategoryType = "";
				INFOPLIST_KEY_UIApplicationSceneManifest_Generation = YES;
				INFOPLIST_KEY_UIApplicationSupportsIndirectInputEvents = YES;
				INFOPLIST_KEY_UILaunchScreen_Generation = YES;
				INFOPLIST_KEY_UISupportedInterfaceOrientations_iPad = "UIInterfaceOrientationPortrait UIInterfaceOrientationPortraitUpsideDown UIInterfaceOrientationLandscapeLeft UIInterfaceOrientationLandscapeRight";
				INFOPLIST_KEY_UISupportedInterfaceOrientations_iPhone = "UIInterfaceOrientationPortrait UIInterfaceOrientationLandscapeLeft UIInterfaceOrientationLandscapeRight";
				LD_RUNPATH_SEARCH_PATHS = (
					"$(inherited)",
					"@executable_path/Frameworks",
				);
				MARKETING_VERSION = 1.0;
				PRODUCT_BUNDLE_IDENTIFIER = "com.vitofromearth.team-manager";
				PRODUCT_NAME = "$(TARGET_NAME)";
				SWIFT_EMIT_LOC_STRINGS = YES;
				SWIFT_VERSION = 5.0;
				TARGETED_DEVICE_FAMILY = "1,2";
			};
			name = Release;
		};
		1704C33F2E321BDB00D94229 /* Debug */ = {
			isa = XCBuildConfiguration;
			buildSettings = {
				BUNDLE_LOADER = "$(TEST_HOST)";
				CODE_SIGN_STYLE = Automatic;
				CURRENT_PROJECT_VERSION = 1;
				GENERATE_INFOPLIST_FILE = YES;
				IPHONEOS_DEPLOYMENT_TARGET = 18.5;
				MARKETING_VERSION = 1.0;
				PRODUCT_BUNDLE_IDENTIFIER = "com.vitofromearth.team-managerTests";
				PRODUCT_NAME = "$(TARGET_NAME)";
				SWIFT_EMIT_LOC_STRINGS = NO;
				SWIFT_VERSION = 5.0;
				TARGETED_DEVICE_FAMILY = "1,2";
				TEST_HOST = "$(BUILT_PRODUCTS_DIR)/team_manager.app/$(BUNDLE_EXECUTABLE_FOLDER_PATH)/team_manager";
			};
			name = Debug;
		};
		1704C3402E321BDB00D94229 /* Release */ = {
			isa = XCBuildConfiguration;
			buildSettings = {
				BUNDLE_LOADER = "$(TEST_HOST)";
				CODE_SIGN_STYLE = Automatic;
				CURRENT_PROJECT_VERSION = 1;
				GENERATE_INFOPLIST_FILE = YES;
				IPHONEOS_DEPLOYMENT_TARGET = 18.5;
				MARKETING_VERSION = 1.0;
				PRODUCT_BUNDLE_IDENTIFIER = "com.vitofromearth.team-managerTests";
				PRODUCT_NAME = "$(TARGET_NAME)";
				SWIFT_EMIT_LOC_STRINGS = NO;
				SWIFT_VERSION = 5.0;
				TARGETED_DEVICE_FAMILY = "1,2";
				TEST_HOST = "$(BUILT_PRODUCTS_DIR)/team_manager.app/$(BUNDLE_EXECUTABLE_FOLDER_PATH)/team_manager";
			};
			name = Release;
		};
		1704C3422E321BDB00D94229 /* Debug */ = {
			isa = XCBuildConfiguration;
			buildSettings = {
				CODE_SIGN_STYLE = Automatic;
				CURRENT_PROJECT_VERSION = 1;
				GENERATE_INFOPLIST_FILE = YES;
				MARKETING_VERSION = 1.0;
				PRODUCT_BUNDLE_IDENTIFIER = "com.vitofromearth.team-managerUITests";
				PRODUCT_NAME = "$(TARGET_NAME)";
				SWIFT_EMIT_LOC_STRINGS = NO;
				SWIFT_VERSION = 5.0;
				TARGETED_DEVICE_FAMILY = "1,2";
				TEST_TARGET_NAME = team_manager;
			};
			name = Debug;
		};
		1704C3432E321BDB00D94229 /* Release */ = {
			isa = XCBuildConfiguration;
			buildSettings = {
				CODE_SIGN_STYLE = Automatic;
				CURRENT_PROJECT_VERSION = 1;
				GENERATE_INFOPLIST_FILE = YES;
				MARKETING_VERSION = 1.0;
				PRODUCT_BUNDLE_IDENTIFIER = "com.vitofromearth.team-managerUITests";
				PRODUCT_NAME = "$(TARGET_NAME)";
				SWIFT_EMIT_LOC_STRINGS = NO;
				SWIFT_VERSION = 5.0;
				TARGETED_DEVICE_FAMILY = "1,2";
				TEST_TARGET_NAME = team_manager;
			};
			name = Release;
		};
/* End XCBuildConfiguration section */

/* Begin XCConfigurationList section */
		1704C3132E321BDA00D94229 /* Build configuration list for PBXProject "team_manager" */ = {
			isa = XCConfigurationList;
			buildConfigurations = (
				1704C3392E321BDB00D94229 /* Debug */,
				1704C33A2E321BDB00D94229 /* Release */,
			);
			defaultConfigurationIsVisible = 0;
			defaultConfigurationName = Release;
		};
		1704C33B2E321BDB00D94229 /* Build configuration list for PBXNativeTarget "team_manager" */ = {
			isa = XCConfigurationList;
			buildConfigurations = (
				1704C33C2E321BDB00D94229 /* Debug */,
				1704C33D2E321BDB00D94229 /* Release */,
			);
			defaultConfigurationIsVisible = 0;
			defaultConfigurationName = Release;
		};
		1704C33E2E321BDB00D94229 /* Build configuration list for PBXNativeTarget "team_managerTests" */ = {
			isa = XCConfigurationList;
			buildConfigurations = (
				1704C33F2E321BDB00D94229 /* Debug */,
				1704C3402E321BDB00D94229 /* Release */,
			);
			defaultConfigurationIsVisible = 0;
			defaultConfigurationName = Release;
		};
		1704C3412E321BDB00D94229 /* Build configuration list for PBXNativeTarget "team_managerUITests" */ = {
			isa = XCConfigurationList;
			buildConfigurations = (
				1704C3422E321BDB00D94229 /* Debug */,
				1704C3432E321BDB00D94229 /* Release */,
			);
			defaultConfigurationIsVisible = 0;
			defaultConfigurationName = Release;
		};
/* End XCConfigurationList section */

/* Begin XCRemoteSwiftPackageReference section */
		1704C3592E32246300D94229 /* XCRemoteSwiftPackageReference "supabase-swift" */ = {
			isa = XCRemoteSwiftPackageReference;
			repositoryURL = "https://github.com/supabase/supabase-swift";
			requirement = {
				kind = upToNextMajorVersion;
				minimumVersion = 2.5.1;
			};
		};
/* End XCRemoteSwiftPackageReference section */

/* Begin XCSwiftPackageProductDependency section */
		1704C35A2E32246300D94229 /* Auth */ = {
			isa = XCSwiftPackageProductDependency;
			package = 1704C3592E32246300D94229 /* XCRemoteSwiftPackageReference "supabase-swift" */;
			productName = Auth;
		};
		1704C35C2E32246300D94229 /* Functions */ = {
			isa = XCSwiftPackageProductDependency;
			package = 1704C3592E32246300D94229 /* XCRemoteSwiftPackageReference "supabase-swift" */;
			productName = Functions;
		};
		1704C35E2E32246300D94229 /* PostgREST */ = {
			isa = XCSwiftPackageProductDependency;
			package = 1704C3592E32246300D94229 /* XCRemoteSwiftPackageReference "supabase-swift" */;
			productName = PostgREST;
		};
		1704C3602E32246300D94229 /* Realtime */ = {
			isa = XCSwiftPackageProductDependency;
			package = 1704C3592E32246300D94229 /* XCRemoteSwiftPackageReference "supabase-swift" */;
			productName = Realtime;
		};
		1704C3622E32246300D94229 /* Storage */ = {
			isa = XCSwiftPackageProductDependency;
			package = 1704C3592E32246300D94229 /* XCRemoteSwiftPackageReference "supabase-swift" */;
			productName = Storage;
		};
		1704C3642E32246300D94229 /* Supabase */ = {
			isa = XCSwiftPackageProductDependency;
			package = 1704C3592E32246300D94229 /* XCRemoteSwiftPackageReference "supabase-swift" */;
			productName = Supabase;
		};
/* End XCSwiftPackageProductDependency section */
	};
	rootObject = 1704C3102E321BDA00D94229 /* Project object */;
}
